// !$*UTF8*$!
{
	archiveVersion = 1;
	classes = {
	};
	objectVersion = 77;
	objects = {

/* Begin PBXContainerItemProxy section */
		FB6D995D2CAB134B0041863A /* PBXContainerItemProxy */ = {
			isa = PBXContainerItemProxy;
			containerPortal = FB6D993F2CAB134A0041863A /* Project object */;
			proxyType = 1;
			remoteGlobalIDString = FB6D99462CAB134A0041863A;
			remoteInfo = MyFinanceTracker;
		};
		FB6D99672CAB134B0041863A /* PBXContainerItemProxy */ = {
			isa = PBXContainerItemProxy;
			containerPortal = FB6D993F2CAB134A0041863A /* Project object */;
			proxyType = 1;
			remoteGlobalIDString = FB6D99462CAB134A0041863A;
			remoteInfo = MyFinanceTracker;
		};
/* End PBXContainerItemProxy section */

/* Begin PBXFileReference section */
		FB6D99472CAB134A0041863A /* MyFinanceTracker.app */ = {isa = PBXFileReference; explicitFileType = wrapper.application; includeInIndex = 0; path = MyFinanceTracker.app; sourceTree = BUILT_PRODUCTS_DIR; };
		FB6D995C2CAB134B0041863A /* MyFinanceTrackerTests.xctest */ = {isa = PBXFileReference; explicitFileType = wrapper.cfbundle; includeInIndex = 0; path = MyFinanceTrackerTests.xctest; sourceTree = BUILT_PRODUCTS_DIR; };
		FB6D99662CAB134B0041863A /* MyFinanceTrackerUITests.xctest */ = {isa = PBXFileReference; explicitFileType = wrapper.cfbundle; includeInIndex = 0; path = MyFinanceTrackerUITests.xctest; sourceTree = BUILT_PRODUCTS_DIR; };
/* End PBXFileReference section */

/* Begin PBXFileSystemSynchronizedRootGroup section */
		FB6D99492CAB134A0041863A /* MyFinanceTracker */ = {
			isa = PBXFileSystemSynchronizedRootGroup;
			path = MyFinanceTracker;
			sourceTree = "<group>";
		};
		FB6D995F2CAB134B0041863A /* MyFinanceTrackerTests */ = {
			isa = PBXFileSystemSynchronizedRootGroup;
			path = MyFinanceTrackerTests;
			sourceTree = "<group>";
		};
		FB6D99692CAB134B0041863A /* MyFinanceTrackerUITests */ = {
			isa = PBXFileSystemSynchronizedRootGroup;
			path = MyFinanceTrackerUITests;
			sourceTree = "<group>";
		};
/* End PBXFileSystemSynchronizedRootGroup section */

/* Begin PBXFrameworksBuildPhase section */
		FB6D99442CAB134A0041863A /* Frameworks */ = {
			isa = PBXFrameworksBuildPhase;
			buildActionMask = 2147483647;
			files = (
			);
			runOnlyForDeploymentPostprocessing = 0;
		};
		FB6D99592CAB134B0041863A /* Frameworks */ = {
			isa = PBXFrameworksBuildPhase;
			buildActionMask = 2147483647;
			files = (
			);
			runOnlyForDeploymentPostprocessing = 0;
		};
		FB6D99632CAB134B0041863A /* Frameworks */ = {
			isa = PBXFrameworksBuildPhase;
			buildActionMask = 2147483647;
			files = (
			);
			runOnlyForDeploymentPostprocessing = 0;
		};
/* End PBXFrameworksBuildPhase section */

/* Begin PBXGroup section */
		FB6D993E2CAB134A0041863A = {
			isa = PBXGroup;
			children = (
				FB6D99492CAB134A0041863A /* MyFinanceTracker */,
				FB6D995F2CAB134B0041863A /* MyFinanceTrackerTests */,
				FB6D99692CAB134B0041863A /* MyFinanceTrackerUITests */,
				FB6D99482CAB134A0041863A /* Products */,
			);
			sourceTree = "<group>";
		};
		FB6D99482CAB134A0041863A /* Products */ = {
			isa = PBXGroup;
			children = (
				FB6D99472CAB134A0041863A /* MyFinanceTracker.app */,
				FB6D995C2CAB134B0041863A /* MyFinanceTrackerTests.xctest */,
				FB6D99662CAB134B0041863A /* MyFinanceTrackerUITests.xctest */,
			);
			name = Products;
			sourceTree = "<group>";
		};
/* End PBXGroup section */

/* Begin PBXNativeTarget section */
		FB6D99462CAB134A0041863A /* MyFinanceTracker */ = {
			isa = PBXNativeTarget;
			buildConfigurationList = FB6D99702CAB134B0041863A /* Build configuration list for PBXNativeTarget "MyFinanceTracker" */;
			buildPhases = (
				FB6D99432CAB134A0041863A /* Sources */,
				FB6D99442CAB134A0041863A /* Frameworks */,
				FB6D99452CAB134A0041863A /* Resources */,
			);
			buildRules = (
			);
			dependencies = (
			);
			fileSystemSynchronizedGroups = (
				FB6D99492CAB134A0041863A /* MyFinanceTracker */,
			);
			name = MyFinanceTracker;
			packageProductDependencies = (
			);
			productName = MyFinanceTracker;
			productReference = FB6D99472CAB134A0041863A /* MyFinanceTracker.app */;
			productType = "com.apple.product-type.application";
		};
		FB6D995B2CAB134B0041863A /* MyFinanceTrackerTests */ = {
			isa = PBXNativeTarget;
			buildConfigurationList = FB6D99732CAB134B0041863A /* Build configuration list for PBXNativeTarget "MyFinanceTrackerTests" */;
			buildPhases = (
				FB6D99582CAB134B0041863A /* Sources */,
				FB6D99592CAB134B0041863A /* Frameworks */,
				FB6D995A2CAB134B0041863A /* Resources */,
			);
			buildRules = (
			);
			dependencies = (
				FB6D995E2CAB134B0041863A /* PBXTargetDependency */,
			);
			fileSystemSynchronizedGroups = (
				FB6D995F2CAB134B0041863A /* MyFinanceTrackerTests */,
			);
			name = MyFinanceTrackerTests;
			packageProductDependencies = (
			);
			productName = MyFinanceTrackerTests;
			productReference = FB6D995C2CAB134B0041863A /* MyFinanceTrackerTests.xctest */;
			productType = "com.apple.product-type.bundle.unit-test";
		};
		FB6D99652CAB134B0041863A /* MyFinanceTrackerUITests */ = {
			isa = PBXNativeTarget;
			buildConfigurationList = FB6D99762CAB134B0041863A /* Build configuration list for PBXNativeTarget "MyFinanceTrackerUITests" */;
			buildPhases = (
				FB6D99622CAB134B0041863A /* Sources */,
				FB6D99632CAB134B0041863A /* Frameworks */,
				FB6D99642CAB134B0041863A /* Resources */,
			);
			buildRules = (
			);
			dependencies = (
				FB6D99682CAB134B0041863A /* PBXTargetDependency */,
			);
			fileSystemSynchronizedGroups = (
				FB6D99692CAB134B0041863A /* MyFinanceTrackerUITests */,
			);
			name = MyFinanceTrackerUITests;
			packageProductDependencies = (
			);
			productName = MyFinanceTrackerUITests;
			productReference = FB6D99662CAB134B0041863A /* MyFinanceTrackerUITests.xctest */;
			productType = "com.apple.product-type.bundle.ui-testing";
		};
/* End PBXNativeTarget section */

/* Begin PBXProject section */
		FB6D993F2CAB134A0041863A /* Project object */ = {
			isa = PBXProject;
			attributes = {
				BuildIndependentTargetsInParallel = 1;
				LastSwiftUpdateCheck = 1600;
				LastUpgradeCheck = 1600;
				TargetAttributes = {
					FB6D99462CAB134A0041863A = {
						CreatedOnToolsVersion = 16.0;
					};
					FB6D995B2CAB134B0041863A = {
						CreatedOnToolsVersion = 16.0;
						TestTargetID = FB6D99462CAB134A0041863A;
					};
					FB6D99652CAB134B0041863A = {
						CreatedOnToolsVersion = 16.0;
						TestTargetID = FB6D99462CAB134A0041863A;
					};
				};
			};
			buildConfigurationList = FB6D99422CAB134A0041863A /* Build configuration list for PBXProject "MyFinanceTracker" */;
			developmentRegion = en;
			hasScannedForEncodings = 0;
			knownRegions = (
				en,
				Base,
			);
			mainGroup = FB6D993E2CAB134A0041863A;
			minimizedProjectReferenceProxies = 1;
			preferredProjectObjectVersion = 77;
			productRefGroup = FB6D99482CAB134A0041863A /* Products */;
			projectDirPath = "";
			projectRoot = "";
			targets = (
				FB6D99462CAB134A0041863A /* MyFinanceTracker */,
				FB6D995B2CAB134B0041863A /* MyFinanceTrackerTests */,
				FB6D99652CAB134B0041863A /* MyFinanceTrackerUITests */,
			);
		};
/* End PBXProject section */

/* Begin PBXResourcesBuildPhase section */
		FB6D99452CAB134A0041863A /* Resources */ = {
			isa = PBXResourcesBuildPhase;
			buildActionMask = 2147483647;
			files = (
			);
			runOnlyForDeploymentPostprocessing = 0;
		};
		FB6D995A2CAB134B0041863A /* Resources */ = {
			isa = PBXResourcesBuildPhase;
			buildActionMask = 2147483647;
			files = (
			);
			runOnlyForDeploymentPostprocessing = 0;
		};
		FB6D99642CAB134B0041863A /* Resources */ = {
			isa = PBXResourcesBuildPhase;
			buildActionMask = 2147483647;
			files = (
			);
			runOnlyForDeploymentPostprocessing = 0;
		};
/* End PBXResourcesBuildPhase section */

/* Begin PBXSourcesBuildPhase section */
		FB6D99432CAB134A0041863A /* Sources */ = {
			isa = PBXSourcesBuildPhase;
			buildActionMask = 2147483647;
			files = (
			);
			runOnlyForDeploymentPostprocessing = 0;
		};
		FB6D99582CAB134B0041863A /* Sources */ = {
			isa = PBXSourcesBuildPhase;
			buildActionMask = 2147483647;
			files = (
			);
			runOnlyForDeploymentPostprocessing = 0;
		};
		FB6D99622CAB134B0041863A /* Sources */ = {
			isa = PBXSourcesBuildPhase;
			buildActionMask = 2147483647;
			files = (
			);
			runOnlyForDeploymentPostprocessing = 0;
		};
/* End PBXSourcesBuildPhase section */

/* Begin PBXTargetDependency section */
		FB6D995E2CAB134B0041863A /* PBXTargetDependency */ = {
			isa = PBXTargetDependency;
			target = FB6D99462CAB134A0041863A /* MyFinanceTracker */;
			targetProxy = FB6D995D2CAB134B0041863A /* PBXContainerItemProxy */;
		};
		FB6D99682CAB134B0041863A /* PBXTargetDependency */ = {
			isa = PBXTargetDependency;
			target = FB6D99462CAB134A0041863A /* MyFinanceTracker */;
			targetProxy = FB6D99672CAB134B0041863A /* PBXContainerItemProxy */;
		};
/* End PBXTargetDependency section */

/* Begin XCBuildConfiguration section */
		FB6D996E2CAB134B0041863A /* Debug */ = {
			isa = XCBuildConfiguration;
			buildSettings = {
				ALWAYS_SEARCH_USER_PATHS = NO;
				ASSETCATALOG_COMPILER_GENERATE_SWIFT_ASSET_SYMBOL_EXTENSIONS = YES;
				CLANG_ANALYZER_NONNULL = YES;
				CLANG_ANALYZER_NUMBER_OBJECT_CONVERSION = YES_AGGRESSIVE;
				CLANG_CXX_LANGUAGE_STANDARD = "gnu++20";
				CLANG_ENABLE_MODULES = YES;
				CLANG_ENABLE_OBJC_ARC = YES;
				CLANG_ENABLE_OBJC_WEAK = YES;
				CLANG_WARN_BLOCK_CAPTURE_AUTORELEASING = YES;
				CLANG_WARN_BOOL_CONVERSION = YES;
				CLANG_WARN_COMMA = YES;
				CLANG_WARN_CONSTANT_CONVERSION = YES;
				CLANG_WARN_DEPRECATED_OBJC_IMPLEMENTATIONS = YES;
				CLANG_WARN_DIRECT_OBJC_ISA_USAGE = YES_ERROR;
				CLANG_WARN_DOCUMENTATION_COMMENTS = YES;
				CLANG_WARN_EMPTY_BODY = YES;
				CLANG_WARN_ENUM_CONVERSION = YES;
				CLANG_WARN_INFINITE_RECURSION = YES;
				CLANG_WARN_INT_CONVERSION = YES;
				CLANG_WARN_NON_LITERAL_NULL_CONVERSION = YES;
				CLANG_WARN_OBJC_IMPLICIT_RETAIN_SELF = YES;
				CLANG_WARN_OBJC_LITERAL_CONVERSION = YES;
				CLANG_WARN_OBJC_ROOT_CLASS = YES_ERROR;
				CLANG_WARN_QUOTED_INCLUDE_IN_FRAMEWORK_HEADER = YES;
				CLANG_WARN_RANGE_LOOP_ANALYSIS = YES;
				CLANG_WARN_STRICT_PROTOTYPES = YES;
				CLANG_WARN_SUSPICIOUS_MOVE = YES;
				CLANG_WARN_UNGUARDED_AVAILABILITY = YES_AGGRESSIVE;
				CLANG_WARN_UNREACHABLE_CODE = YES;
				CLANG_WARN__DUPLICATE_METHOD_MATCH = YES;
				COPY_PHASE_STRIP = NO;
				DEBUG_INFORMATION_FORMAT = dwarf;
				ENABLE_STRICT_OBJC_MSGSEND = YES;
				ENABLE_TESTABILITY = YES;
				ENABLE_USER_SCRIPT_SANDBOXING = YES;
				GCC_C_LANGUAGE_STANDARD = gnu17;
				GCC_DYNAMIC_NO_PIC = NO;
				GCC_NO_COMMON_BLOCKS = YES;
				GCC_OPTIMIZATION_LEVEL = 0;
				GCC_PREPROCESSOR_DEFINITIONS = (
					"DEBUG=1",
					"$(inherited)",
				);
				GCC_WARN_64_TO_32_BIT_CONVERSION = YES;
				GCC_WARN_ABOUT_RETURN_TYPE = YES_ERROR;
				GCC_WARN_UNDECLARED_SELECTOR = YES;
				GCC_WARN_UNINITIALIZED_AUTOS = YES_AGGRESSIVE;
				GCC_WARN_UNUSED_FUNCTION = YES;
				GCC_WARN_UNUSED_VARIABLE = YES;
				IPHONEOS_DEPLOYMENT_TARGET = 18.0;
				LOCALIZATION_PREFERS_STRING_CATALOGS = YES;
				MTL_ENABLE_DEBUG_INFO = INCLUDE_SOURCE;
				MTL_FAST_MATH = YES;
				ONLY_ACTIVE_ARCH = YES;
				SDKROOT = iphoneos;
				SWIFT_ACTIVE_COMPILATION_CONDITIONS = "DEBUG $(inherited)";
				SWIFT_OPTIMIZATION_LEVEL = "-Onone";
			};
			name = Debug;
		};
		FB6D996F2CAB134B0041863A /* Release */ = {
			isa = XCBuildConfiguration;
			buildSettings = {
				ALWAYS_SEARCH_USER_PATHS = NO;
				ASSETCATALOG_COMPILER_GENERATE_SWIFT_ASSET_SYMBOL_EXTENSIONS = YES;
				CLANG_ANALYZER_NONNULL = YES;
				CLANG_ANALYZER_NUMBER_OBJECT_CONVERSION = YES_AGGRESSIVE;
				CLANG_CXX_LANGUAGE_STANDARD = "gnu++20";
				CLANG_ENABLE_MODULES = YES;
				CLANG_ENABLE_OBJC_ARC = YES;
				CLANG_ENABLE_OBJC_WEAK = YES;
				CLANG_WARN_BLOCK_CAPTURE_AUTORELEASING = YES;
				CLANG_WARN_BOOL_CONVERSION = YES;
				CLANG_WARN_COMMA = YES;
				CLANG_WARN_CONSTANT_CONVERSION = YES;
				CLANG_WARN_DEPRECATED_OBJC_IMPLEMENTATIONS = YES;
				CLANG_WARN_DIRECT_OBJC_ISA_USAGE = YES_ERROR;
				CLANG_WARN_DOCUMENTATION_COMMENTS = YES;
				CLANG_WARN_EMPTY_BODY = YES;
				CLANG_WARN_ENUM_CONVERSION = YES;
				CLANG_WARN_INFINITE_RECURSION = YES;
				CLANG_WARN_INT_CONVERSION = YES;
				CLANG_WARN_NON_LITERAL_NULL_CONVERSION = YES;
				CLANG_WARN_OBJC_IMPLICIT_RETAIN_SELF = YES;
				CLANG_WARN_OBJC_LITERAL_CONVERSION = YES;
				CLANG_WARN_OBJC_ROOT_CLASS = YES_ERROR;
				CLANG_WARN_QUOTED_INCLUDE_IN_FRAMEWORK_HEADER = YES;
				CLANG_WARN_RANGE_LOOP_ANALYSIS = YES;
				CLANG_WARN_STRICT_PROTOTYPES = YES;
				CLANG_WARN_SUSPICIOUS_MOVE = YES;
				CLANG_WARN_UNGUARDED_AVAILABILITY = YES_AGGRESSIVE;
				CLANG_WARN_UNREACHABLE_CODE = YES;
				CLANG_WARN__DUPLICATE_METHOD_MATCH = YES;
				COPY_PHASE_STRIP = NO;
				DEBUG_INFORMATION_FORMAT = "dwarf-with-dsym";
				ENABLE_NS_ASSERTIONS = NO;
				ENABLE_STRICT_OBJC_MSGSEND = YES;
				ENABLE_USER_SCRIPT_SANDBOXING = YES;
				GCC_C_LANGUAGE_STANDARD = gnu17;
				GCC_NO_COMMON_BLOCKS = YES;
				GCC_WARN_64_TO_32_BIT_CONVERSION = YES;
				GCC_WARN_ABOUT_RETURN_TYPE = YES_ERROR;
				GCC_WARN_UNDECLARED_SELECTOR = YES;
				GCC_WARN_UNINITIALIZED_AUTOS = YES_AGGRESSIVE;
				GCC_WARN_UNUSED_FUNCTION = YES;
				GCC_WARN_UNUSED_VARIABLE = YES;
				IPHONEOS_DEPLOYMENT_TARGET = 18.0;
				LOCALIZATION_PREFERS_STRING_CATALOGS = YES;
				MTL_ENABLE_DEBUG_INFO = NO;
				MTL_FAST_MATH = YES;
				SDKROOT = iphoneos;
				SWIFT_COMPILATION_MODE = wholemodule;
				VALIDATE_PRODUCT = YES;
			};
			name = Release;
		};
		FB6D99712CAB134B0041863A /* Debug */ = {
			isa = XCBuildConfiguration;
			buildSettings = {
				ASSETCATALOG_COMPILER_APPICON_NAME = AppIcon;
				ASSETCATALOG_COMPILER_GLOBAL_ACCENT_COLOR_NAME = AccentColor;
				CODE_SIGN_STYLE = Automatic;
				CURRENT_PROJECT_VERSION = 1;
				DEVELOPMENT_ASSET_PATHS = "\"MyFinanceTracker/Preview Content\"";
				DEVELOPMENT_TEAM = F4PCJ46P2A;
				ENABLE_PREVIEWS = YES;
				GENERATE_INFOPLIST_FILE = YES;
				INFOPLIST_KEY_UIApplicationSceneManifest_Generation = YES;
				INFOPLIST_KEY_UIApplicationSupportsIndirectInputEvents = YES;
				INFOPLIST_KEY_UILaunchScreen_Generation = YES;
				INFOPLIST_KEY_UISupportedInterfaceOrientations_iPad = "UIInterfaceOrientationPortrait UIInterfaceOrientationPortraitUpsideDown UIInterfaceOrientationLandscapeLeft UIInterfaceOrientationLandscapeRight";
				INFOPLIST_KEY_UISupportedInterfaceOrientations_iPhone = "UIInterfaceOrientationPortrait UIInterfaceOrientationLandscapeLeft UIInterfaceOrientationLandscapeRight";
				LD_RUNPATH_SEARCH_PATHS = (
					"$(inherited)",
					"@executable_path/Frameworks",
				);
				MARKETING_VERSION = 1.0;
				PRODUCT_BUNDLE_IDENTIFIER = com.MattChew.MyFinanceTracker.MyFinanceTracker;
				PRODUCT_NAME = "$(TARGET_NAME)";
				SWIFT_EMIT_LOC_STRINGS = YES;
				SWIFT_VERSION = 5.0;
				TARGETED_DEVICE_FAMILY = "1,2";
			};
			name = Debug;
		};
		FB6D99722CAB134B0041863A /* Release */ = {
			isa = XCBuildConfiguration;
			buildSettings = {
				ASSETCATALOG_COMPILER_APPICON_NAME = AppIcon;
				ASSETCATALOG_COMPILER_GLOBAL_ACCENT_COLOR_NAME = AccentColor;
				CODE_SIGN_STYLE = Automatic;
				CURRENT_PROJECT_VERSION = 1;
				DEVELOPMENT_ASSET_PATHS = "\"MyFinanceTracker/Preview Content\"";
				DEVELOPMENT_TEAM = F4PCJ46P2A;
				ENABLE_PREVIEWS = YES;
				GENERATE_INFOPLIST_FILE = YES;
				INFOPLIST_KEY_UIApplicationSceneManifest_Generation = YES;
				INFOPLIST_KEY_UIApplicationSupportsIndirectInputEvents = YES;
				INFOPLIST_KEY_UILaunchScreen_Generation = YES;
				INFOPLIST_KEY_UISupportedInterfaceOrientations_iPad = "UIInterfaceOrientationPortrait UIInterfaceOrientationPortraitUpsideDown UIInterfaceOrientationLandscapeLeft UIInterfaceOrientationLandscapeRight";
				INFOPLIST_KEY_UISupportedInterfaceOrientations_iPhone = "UIInterfaceOrientationPortrait UIInterfaceOrientationLandscapeLeft UIInterfaceOrientationLandscapeRight";
				LD_RUNPATH_SEARCH_PATHS = (
					"$(inherited)",
					"@executable_path/Frameworks",
				);
				MARKETING_VERSION = 1.0;
				PRODUCT_BUNDLE_IDENTIFIER = com.MattChew.MyFinanceTracker.MyFinanceTracker;
				PRODUCT_NAME = "$(TARGET_NAME)";
				SWIFT_EMIT_LOC_STRINGS = YES;
				SWIFT_VERSION = 5.0;
				TARGETED_DEVICE_FAMILY = "1,2";
			};
			name = Release;
		};
		FB6D99742CAB134B0041863A /* Debug */ = {
			isa = XCBuildConfiguration;
			buildSettings = {
				BUNDLE_LOADER = "$(TEST_HOST)";
				CODE_SIGN_STYLE = Automatic;
				CURRENT_PROJECT_VERSION = 1;
				DEVELOPMENT_TEAM = F4PCJ46P2A;
				GENERATE_INFOPLIST_FILE = YES;
				IPHONEOS_DEPLOYMENT_TARGET = 18.0;
				MARKETING_VERSION = 1.0;
				PRODUCT_BUNDLE_IDENTIFIER = com.MattChew.MyFinanceTracker.MyFinanceTrackerTests;
				PRODUCT_NAME = "$(TARGET_NAME)";
				SWIFT_EMIT_LOC_STRINGS = NO;
				SWIFT_VERSION = 5.0;
				TARGETED_DEVICE_FAMILY = "1,2";
				TEST_HOST = "$(BUILT_PRODUCTS_DIR)/MyFinanceTracker.app/$(BUNDLE_EXECUTABLE_FOLDER_PATH)/MyFinanceTracker";
			};
			name = Debug;
		};
		FB6D99752CAB134B0041863A /* Release */ = {
			isa = XCBuildConfiguration;
			buildSettings = {
				BUNDLE_LOADER = "$(TEST_HOST)";
				CODE_SIGN_STYLE = Automatic;
				CURRENT_PROJECT_VERSION = 1;
				DEVELOPMENT_TEAM = F4PCJ46P2A;
				GENERATE_INFOPLIST_FILE = YES;
				IPHONEOS_DEPLOYMENT_TARGET = 18.0;
				MARKETING_VERSION = 1.0;
				PRODUCT_BUNDLE_IDENTIFIER = com.MattChew.MyFinanceTracker.MyFinanceTrackerTests;
				PRODUCT_NAME = "$(TARGET_NAME)";
				SWIFT_EMIT_LOC_STRINGS = NO;
				SWIFT_VERSION = 5.0;
				TARGETED_DEVICE_FAMILY = "1,2";
				TEST_HOST = "$(BUILT_PRODUCTS_DIR)/MyFinanceTracker.app/$(BUNDLE_EXECUTABLE_FOLDER_PATH)/MyFinanceTracker";
			};
			name = Release;
		};
		FB6D99772CAB134B0041863A /* Debug */ = {
			isa = XCBuildConfiguration;
			buildSettings = {
				CODE_SIGN_STYLE = Automatic;
				CURRENT_PROJECT_VERSION = 1;
				DEVELOPMENT_TEAM = F4PCJ46P2A;
				GENERATE_INFOPLIST_FILE = YES;
				MARKETING_VERSION = 1.0;
				PRODUCT_BUNDLE_IDENTIFIER = com.MattChew.MyFinanceTracker.MyFinanceTrackerUITests;
				PRODUCT_NAME = "$(TARGET_NAME)";
				SWIFT_EMIT_LOC_STRINGS = NO;
				SWIFT_VERSION = 5.0;
				TARGETED_DEVICE_FAMILY = "1,2";
				TEST_TARGET_NAME = MyFinanceTracker;
			};
			name = Debug;
		};
		FB6D99782CAB134B0041863A /* Release */ = {
			isa = XCBuildConfiguration;
			buildSettings = {
				CODE_SIGN_STYLE = Automatic;
				CURRENT_PROJECT_VERSION = 1;
				DEVELOPMENT_TEAM = F4PCJ46P2A;
				GENERATE_INFOPLIST_FILE = YES;
				MARKETING_VERSION = 1.0;
				PRODUCT_BUNDLE_IDENTIFIER = com.MattChew.MyFinanceTracker.MyFinanceTrackerUITests;
				PRODUCT_NAME = "$(TARGET_NAME)";
				SWIFT_EMIT_LOC_STRINGS = NO;
				SWIFT_VERSION = 5.0;
				TARGETED_DEVICE_FAMILY = "1,2";
				TEST_TARGET_NAME = MyFinanceTracker;
			};
			name = Release;
		};
/* End XCBuildConfiguration section */

/* Begin XCConfigurationList section */
		FB6D99422CAB134A0041863A /* Build configuration list for PBXProject "MyFinanceTracker" */ = {
			isa = XCConfigurationList;
			buildConfigurations = (
				FB6D996E2CAB134B0041863A /* Debug */,
				FB6D996F2CAB134B0041863A /* Release */,
			);
			defaultConfigurationIsVisible = 0;
			defaultConfigurationName = Release;
		};
		FB6D99702CAB134B0041863A /* Build configuration list for PBXNativeTarget "MyFinanceTracker" */ = {
			isa = XCConfigurationList;
			buildConfigurations = (
				FB6D99712CAB134B0041863A /* Debug */,
				FB6D99722CAB134B0041863A /* Release */,
			);
			defaultConfigurationIsVisible = 0;
			defaultConfigurationName = Release;
		};
		FB6D99732CAB134B0041863A /* Build configuration list for PBXNativeTarget "MyFinanceTrackerTests" */ = {
			isa = XCConfigurationList;
			buildConfigurations = (
				FB6D99742CAB134B0041863A /* Debug */,
				FB6D99752CAB134B0041863A /* Release */,
			);
			defaultConfigurationIsVisible = 0;
			defaultConfigurationName = Release;
		};
		FB6D99762CAB134B0041863A /* Build configuration list for PBXNativeTarget "MyFinanceTrackerUITests" */ = {
			isa = XCConfigurationList;
			buildConfigurations = (
				FB6D99772CAB134B0041863A /* Debug */,
				FB6D99782CAB134B0041863A /* Release */,
			);
			defaultConfigurationIsVisible = 0;
			defaultConfigurationName = Release;
		};
/* End XCConfigurationList section */
	};
	rootObject = FB6D993F2CAB134A0041863A /* Project object */;
}
